// !$*UTF8*$!
{
	archiveVersion = 1;
	classes = {
	};
	objectVersion = 46;
	objects = {

/* Begin PBXBuildFile section */
		9FEBC8B615B4DCB30042DB10 /* UIKit.framework in Frameworks */ = {isa = PBXBuildFile; fileRef = 9FEBC8B515B4DCB30042DB10 /* UIKit.framework */; };
		9FEBC8B815B4DCB30042DB10 /* Foundation.framework in Frameworks */ = {isa = PBXBuildFile; fileRef = 9FEBC8B715B4DCB30042DB10 /* Foundation.framework */; };
		9FEBC8BA15B4DCB30042DB10 /* CoreGraphics.framework in Frameworks */ = {isa = PBXBuildFile; fileRef = 9FEBC8B915B4DCB30042DB10 /* CoreGraphics.framework */; };
		9FEBC8BC15B4DCB30042DB10 /* CoreData.framework in Frameworks */ = {isa = PBXBuildFile; fileRef = 9FEBC8BB15B4DCB30042DB10 /* CoreData.framework */; };
		9FEBC8C215B4DCB30042DB10 /* InfoPlist.strings in Resources */ = {isa = PBXBuildFile; fileRef = 9FEBC8C015B4DCB30042DB10 /* InfoPlist.strings */; };
		9FEBC8C415B4DCB30042DB10 /* main.m in Sources */ = {isa = PBXBuildFile; fileRef = 9FEBC8C315B4DCB30042DB10 /* main.m */; };
		9FEBC8C815B4DCB30042DB10 /* AppDelegate.m in Sources */ = {isa = PBXBuildFile; fileRef = 9FEBC8C715B4DCB30042DB10 /* AppDelegate.m */; };
		9FEBC8CB15B4DCB30042DB10 /* AddressBook.xcdatamodeld in Sources */ = {isa = PBXBuildFile; fileRef = 9FEBC8C915B4DCB30042DB10 /* AddressBook.xcdatamodeld */; };
		9FEBC8D315B4DDDD0042DB10 /* Contact.m in Sources */ = {isa = PBXBuildFile; fileRef = 9FEBC8D215B4DDDD0042DB10 /* Contact.m */; };
		9FEBC8D615B4DE9C0042DB10 /* AddressBookViewController.m in Sources */ = {isa = PBXBuildFile; fileRef = 9FEBC8D515B4DE9C0042DB10 /* AddressBookViewController.m */; };
		9FEBC8D815B4DEAA0042DB10 /* MainStoryboard.storyboard in Resources */ = {isa = PBXBuildFile; fileRef = 9FEBC8D715B4DEAA0042DB10 /* MainStoryboard.storyboard */; };
		9FEBC8DB15B4E5050042DB10 /* ObjectManager.m in Sources */ = {isa = PBXBuildFile; fileRef = 9FEBC8DA15B4E5050042DB10 /* ObjectManager.m */; };
		9FEBC8DE15B4F91C0042DB10 /* ContactDetailViewController.m in Sources */ = {isa = PBXBuildFile; fileRef = 9FEBC8DD15B4F91C0042DB10 /* ContactDetailViewController.m */; };
/* End PBXBuildFile section */

/* Begin PBXFileReference section */
		9FEBC8B115B4DCB30042DB10 /* AddressBook.app */ = {isa = PBXFileReference; explicitFileType = wrapper.application; includeInIndex = 0; path = AddressBook.app; sourceTree = BUILT_PRODUCTS_DIR; };
		9FEBC8B515B4DCB30042DB10 /* UIKit.framework */ = {isa = PBXFileReference; lastKnownFileType = wrapper.framework; name = UIKit.framework; path = System/Library/Frameworks/UIKit.framework; sourceTree = SDKROOT; };
		9FEBC8B715B4DCB30042DB10 /* Foundation.framework */ = {isa = PBXFileReference; lastKnownFileType = wrapper.framework; name = Foundation.framework; path = System/Library/Frameworks/Foundation.framework; sourceTree = SDKROOT; };
		9FEBC8B915B4DCB30042DB10 /* CoreGraphics.framework */ = {isa = PBXFileReference; lastKnownFileType = wrapper.framework; name = CoreGraphics.framework; path = System/Library/Frameworks/CoreGraphics.framework; sourceTree = SDKROOT; };
		9FEBC8BB15B4DCB30042DB10 /* CoreData.framework */ = {isa = PBXFileReference; lastKnownFileType = wrapper.framework; name = CoreData.framework; path = System/Library/Frameworks/CoreData.framework; sourceTree = SDKROOT; };
		9FEBC8BF15B4DCB30042DB10 /* AddressBook-Info.plist */ = {isa = PBXFileReference; lastKnownFileType = text.plist.xml; path = "AddressBook-Info.plist"; sourceTree = "<group>"; };
		9FEBC8C115B4DCB30042DB10 /* en */ = {isa = PBXFileReference; lastKnownFileType = text.plist.strings; name = en; path = en.lproj/InfoPlist.strings; sourceTree = "<group>"; };
		9FEBC8C315B4DCB30042DB10 /* main.m */ = {isa = PBXFileReference; lastKnownFileType = sourcecode.c.objc; path = main.m; sourceTree = "<group>"; };
		9FEBC8C515B4DCB30042DB10 /* AddressBook-Prefix.pch */ = {isa = PBXFileReference; lastKnownFileType = sourcecode.c.h; path = "AddressBook-Prefix.pch"; sourceTree = "<group>"; };
		9FEBC8C615B4DCB30042DB10 /* AppDelegate.h */ = {isa = PBXFileReference; lastKnownFileType = sourcecode.c.h; path = AppDelegate.h; sourceTree = "<group>"; };
		9FEBC8C715B4DCB30042DB10 /* AppDelegate.m */ = {isa = PBXFileReference; lastKnownFileType = sourcecode.c.objc; path = AppDelegate.m; sourceTree = "<group>"; };
		9FEBC8CA15B4DCB30042DB10 /* AddressBook.xcdatamodel */ = {isa = PBXFileReference; lastKnownFileType = wrapper.xcdatamodel; path = AddressBook.xcdatamodel; sourceTree = "<group>"; };
		9FEBC8D115B4DDDD0042DB10 /* Contact.h */ = {isa = PBXFileReference; fileEncoding = 4; lastKnownFileType = sourcecode.c.h; path = Contact.h; sourceTree = "<group>"; };
		9FEBC8D215B4DDDD0042DB10 /* Contact.m */ = {isa = PBXFileReference; fileEncoding = 4; lastKnownFileType = sourcecode.c.objc; path = Contact.m; sourceTree = "<group>"; };
		9FEBC8D415B4DE9C0042DB10 /* AddressBookViewController.h */ = {isa = PBXFileReference; fileEncoding = 4; lastKnownFileType = sourcecode.c.h; path = AddressBookViewController.h; sourceTree = "<group>"; };
		9FEBC8D515B4DE9C0042DB10 /* AddressBookViewController.m */ = {isa = PBXFileReference; fileEncoding = 4; lastKnownFileType = sourcecode.c.objc; path = AddressBookViewController.m; sourceTree = "<group>"; };
		9FEBC8D715B4DEAA0042DB10 /* MainStoryboard.storyboard */ = {isa = PBXFileReference; fileEncoding = 4; lastKnownFileType = file.storyboard; path = MainStoryboard.storyboard; sourceTree = "<group>"; };
		9FEBC8D915B4E5050042DB10 /* ObjectManager.h */ = {isa = PBXFileReference; fileEncoding = 4; lastKnownFileType = sourcecode.c.h; path = ObjectManager.h; sourceTree = "<group>"; };
		9FEBC8DA15B4E5050042DB10 /* ObjectManager.m */ = {isa = PBXFileReference; fileEncoding = 4; lastKnownFileType = sourcecode.c.objc; path = ObjectManager.m; sourceTree = "<group>"; };
		9FEBC8DC15B4F91C0042DB10 /* ContactDetailViewController.h */ = {isa = PBXFileReference; fileEncoding = 4; lastKnownFileType = sourcecode.c.h; path = ContactDetailViewController.h; sourceTree = "<group>"; };
		9FEBC8DD15B4F91C0042DB10 /* ContactDetailViewController.m */ = {isa = PBXFileReference; fileEncoding = 4; lastKnownFileType = sourcecode.c.objc; path = ContactDetailViewController.m; sourceTree = "<group>"; };
/* End PBXFileReference section */

/* Begin PBXFrameworksBuildPhase section */
		9FEBC8AE15B4DCB30042DB10 /* Frameworks */ = {
			isa = PBXFrameworksBuildPhase;
			buildActionMask = 2147483647;
			files = (
				9FEBC8B615B4DCB30042DB10 /* UIKit.framework in Frameworks */,
				9FEBC8B815B4DCB30042DB10 /* Foundation.framework in Frameworks */,
				9FEBC8BA15B4DCB30042DB10 /* CoreGraphics.framework in Frameworks */,
				9FEBC8BC15B4DCB30042DB10 /* CoreData.framework in Frameworks */,
			);
			runOnlyForDeploymentPostprocessing = 0;
		};
/* End PBXFrameworksBuildPhase section */

/* Begin PBXGroup section */
		9FEBC8A615B4DCB30042DB10 = {
			isa = PBXGroup;
			children = (
				9FEBC8BD15B4DCB30042DB10 /* AddressBook */,
				9FEBC8B415B4DCB30042DB10 /* Frameworks */,
				9FEBC8B215B4DCB30042DB10 /* Products */,
			);
			sourceTree = "<group>";
		};
		9FEBC8B215B4DCB30042DB10 /* Products */ = {
			isa = PBXGroup;
			children = (
				9FEBC8B115B4DCB30042DB10 /* AddressBook.app */,
			);
			name = Products;
			sourceTree = "<group>";
		};
		9FEBC8B415B4DCB30042DB10 /* Frameworks */ = {
			isa = PBXGroup;
			children = (
				9FEBC8B515B4DCB30042DB10 /* UIKit.framework */,
				9FEBC8B715B4DCB30042DB10 /* Foundation.framework */,
				9FEBC8B915B4DCB30042DB10 /* CoreGraphics.framework */,
				9FEBC8BB15B4DCB30042DB10 /* CoreData.framework */,
			);
			name = Frameworks;
			sourceTree = "<group>";
		};
		9FEBC8BD15B4DCB30042DB10 /* AddressBook */ = {
			isa = PBXGroup;
			children = (
				9FEBC8C615B4DCB30042DB10 /* AppDelegate.h */,
				9FEBC8C715B4DCB30042DB10 /* AppDelegate.m */,
				9FEBC8C915B4DCB30042DB10 /* AddressBook.xcdatamodeld */,
				9FEBC8D115B4DDDD0042DB10 /* Contact.h */,
				9FEBC8D215B4DDDD0042DB10 /* Contact.m */,
				9FEBC8BE15B4DCB30042DB10 /* Supporting Files */,
				9FEBC8D415B4DE9C0042DB10 /* AddressBookViewController.h */,
				9FEBC8D515B4DE9C0042DB10 /* AddressBookViewController.m */,
				9FEBC8D715B4DEAA0042DB10 /* MainStoryboard.storyboard */,
				9FEBC8D915B4E5050042DB10 /* ObjectManager.h */,
				9FEBC8DA15B4E5050042DB10 /* ObjectManager.m */,
				9FEBC8DC15B4F91C0042DB10 /* ContactDetailViewController.h */,
				9FEBC8DD15B4F91C0042DB10 /* ContactDetailViewController.m */,
			);
			path = AddressBook;
			sourceTree = "<group>";
		};
		9FEBC8BE15B4DCB30042DB10 /* Supporting Files */ = {
			isa = PBXGroup;
			children = (
				9FEBC8BF15B4DCB30042DB10 /* AddressBook-Info.plist */,
				9FEBC8C015B4DCB30042DB10 /* InfoPlist.strings */,
				9FEBC8C315B4DCB30042DB10 /* main.m */,
				9FEBC8C515B4DCB30042DB10 /* AddressBook-Prefix.pch */,
			);
			name = "Supporting Files";
			sourceTree = "<group>";
		};
/* End PBXGroup section */

/* Begin PBXNativeTarget section */
		9FEBC8B015B4DCB30042DB10 /* AddressBook */ = {
			isa = PBXNativeTarget;
			buildConfigurationList = 9FEBC8CE15B4DCB30042DB10 /* Build configuration list for PBXNativeTarget "AddressBook" */;
			buildPhases = (
				9FEBC8AD15B4DCB30042DB10 /* Sources */,
				9FEBC8AE15B4DCB30042DB10 /* Frameworks */,
				9FEBC8AF15B4DCB30042DB10 /* Resources */,
			);
			buildRules = (
			);
			dependencies = (
			);
			name = AddressBook;
			productName = AddressBook;
			productReference = 9FEBC8B115B4DCB30042DB10 /* AddressBook.app */;
			productType = "com.apple.product-type.application";
		};
/* End PBXNativeTarget section */

/* Begin PBXProject section */
		9FEBC8A815B4DCB30042DB10 /* Project object */ = {
			isa = PBXProject;
			attributes = {
				LastUpgradeCheck = 0430;
				ORGANIZATIONNAME = Jera;
			};
			buildConfigurationList = 9FEBC8AB15B4DCB30042DB10 /* Build configuration list for PBXProject "AddressBook" */;
			compatibilityVersion = "Xcode 3.2";
			developmentRegion = English;
			hasScannedForEncodings = 0;
			knownRegions = (
				en,
			);
			mainGroup = 9FEBC8A615B4DCB30042DB10;
			productRefGroup = 9FEBC8B215B4DCB30042DB10 /* Products */;
			projectDirPath = "";
			projectRoot = "";
			targets = (
				9FEBC8B015B4DCB30042DB10 /* AddressBook */,
			);
		};
/* End PBXProject section */

/* Begin PBXResourcesBuildPhase section */
		9FEBC8AF15B4DCB30042DB10 /* Resources */ = {
			isa = PBXResourcesBuildPhase;
			buildActionMask = 2147483647;
			files = (
				9FEBC8C215B4DCB30042DB10 /* InfoPlist.strings in Resources */,
				9FEBC8D815B4DEAA0042DB10 /* MainStoryboard.storyboard in Resources */,
			);
			runOnlyForDeploymentPostprocessing = 0;
		};
/* End PBXResourcesBuildPhase section */

/* Begin PBXSourcesBuildPhase section */
		9FEBC8AD15B4DCB30042DB10 /* Sources */ = {
			isa = PBXSourcesBuildPhase;
			buildActionMask = 2147483647;
			files = (
				9FEBC8C415B4DCB30042DB10 /* main.m in Sources */,
				9FEBC8C815B4DCB30042DB10 /* AppDelegate.m in Sources */,
				9FEBC8CB15B4DCB30042DB10 /* AddressBook.xcdatamodeld in Sources */,
				9FEBC8D315B4DDDD0042DB10 /* Contact.m in Sources */,
				9FEBC8D615B4DE9C0042DB10 /* AddressBookViewController.m in Sources */,
				9FEBC8DB15B4E5050042DB10 /* ObjectManager.m in Sources */,
				9FEBC8DE15B4F91C0042DB10 /* ContactDetailViewController.m in Sources */,
			);
			runOnlyForDeploymentPostprocessing = 0;
		};
/* End PBXSourcesBuildPhase section */

/* Begin PBXVariantGroup section */
		9FEBC8C015B4DCB30042DB10 /* InfoPlist.strings */ = {
			isa = PBXVariantGroup;
			children = (
				9FEBC8C115B4DCB30042DB10 /* en */,
			);
			name = InfoPlist.strings;
			sourceTree = "<group>";
		};
/* End PBXVariantGroup section */

/* Begin XCBuildConfiguration section */
		9FEBC8CC15B4DCB30042DB10 /* Debug */ = {
			isa = XCBuildConfiguration;
			buildSettings = {
				ALWAYS_SEARCH_USER_PATHS = NO;
				ARCHS = "$(ARCHS_STANDARD_32_BIT)";
				CLANG_ENABLE_OBJC_ARC = YES;
				"CODE_SIGN_IDENTITY[sdk=iphoneos*]" = "iPhone Developer";
				COPY_PHASE_STRIP = NO;
				GCC_C_LANGUAGE_STANDARD = gnu99;
				GCC_DYNAMIC_NO_PIC = NO;
				GCC_OPTIMIZATION_LEVEL = 0;
				GCC_PREPROCESSOR_DEFINITIONS = (
					"DEBUG=1",
					"$(inherited)",
				);
				GCC_SYMBOLS_PRIVATE_EXTERN = NO;
				GCC_VERSION = com.apple.compilers.llvm.clang.1_0;
				GCC_WARN_ABOUT_RETURN_TYPE = YES;
				GCC_WARN_UNINITIALIZED_AUTOS = YES;
				GCC_WARN_UNUSED_VARIABLE = YES;
				IPHONEOS_DEPLOYMENT_TARGET = 5.1;
				SDKROOT = iphoneos;
			};
			name = Debug;
		};
		9FEBC8CD15B4DCB30042DB10 /* Release */ = {
			isa = XCBuildConfiguration;
			buildSettings = {
				ALWAYS_SEARCH_USER_PATHS = NO;
				ARCHS = "$(ARCHS_STANDARD_32_BIT)";
				CLANG_ENABLE_OBJC_ARC = YES;
				"CODE_SIGN_IDENTITY[sdk=iphoneos*]" = "iPhone Developer";
				COPY_PHASE_STRIP = YES;
				GCC_C_LANGUAGE_STANDARD = gnu99;
				GCC_VERSION = com.apple.compilers.llvm.clang.1_0;
				GCC_WARN_ABOUT_RETURN_TYPE = YES;
				GCC_WARN_UNINITIALIZED_AUTOS = YES;
				GCC_WARN_UNUSED_VARIABLE = YES;
				IPHONEOS_DEPLOYMENT_TARGET = 5.1;
				OTHER_CFLAGS = "-DNS_BLOCK_ASSERTIONS=1";
				SDKROOT = iphoneos;
				VALIDATE_PRODUCT = YES;
			};
			name = Release;
		};
		9FEBC8CF15B4DCB30042DB10 /* Debug */ = {
			isa = XCBuildConfiguration;
			buildSettings = {
				GCC_PRECOMPILE_PREFIX_HEADER = YES;
				GCC_PREFIX_HEADER = "AddressBook/AddressBook-Prefix.pch";
				INFOPLIST_FILE = "AddressBook/AddressBook-Info.plist";
				IPHONEOS_DEPLOYMENT_TARGET = 5.0;
				PRODUCT_NAME = "$(TARGET_NAME)";
				WRAPPER_EXTENSION = app;
			};
			name = Debug;
		};
		9FEBC8D015B4DCB30042DB10 /* Release */ = {
			isa = XCBuildConfiguration;
			buildSettings = {
				GCC_PRECOMPILE_PREFIX_HEADER = YES;
				GCC_PREFIX_HEADER = "AddressBook/AddressBook-Prefix.pch";
				INFOPLIST_FILE = "AddressBook/AddressBook-Info.plist";
				IPHONEOS_DEPLOYMENT_TARGET = 5.0;
				PRODUCT_NAME = "$(TARGET_NAME)";
				WRAPPER_EXTENSION = app;
			};
			name = Release;
		};
/* End XCBuildConfiguration section */

/* Begin XCConfigurationList section */
		9FEBC8AB15B4DCB30042DB10 /* Build configuration list for PBXProject "AddressBook" */ = {
			isa = XCConfigurationList;
			buildConfigurations = (
				9FEBC8CC15B4DCB30042DB10 /* Debug */,
				9FEBC8CD15B4DCB30042DB10 /* Release */,
			);
			defaultConfigurationIsVisible = 0;
			defaultConfigurationName = Release;
		};
		9FEBC8CE15B4DCB30042DB10 /* Build configuration list for PBXNativeTarget "AddressBook" */ = {
			isa = XCConfigurationList;
			buildConfigurations = (
				9FEBC8CF15B4DCB30042DB10 /* Debug */,
				9FEBC8D015B4DCB30042DB10 /* Release */,
			);
			defaultConfigurationIsVisible = 0;
		};
/* End XCConfigurationList section */

/* Begin XCVersionGroup section */
		9FEBC8C915B4DCB30042DB10 /* AddressBook.xcdatamodeld */ = {
			isa = XCVersionGroup;
			children = (
				9FEBC8CA15B4DCB30042DB10 /* AddressBook.xcdatamodel */,
			);
			currentVersion = 9FEBC8CA15B4DCB30042DB10 /* AddressBook.xcdatamodel */;
			path = AddressBook.xcdatamodeld;
			sourceTree = "<group>";
			versionGroupType = wrapper.xcdatamodel;
		};
/* End XCVersionGroup section */
	};
	rootObject = 9FEBC8A815B4DCB30042DB10 /* Project object */;
}
